// !$*UTF8*$!
{
	archiveVersion = 1;
	classes = {
	};
	objectVersion = 56;
	objects = {

/* Begin PBXBuildFile section */
		B05C5FA4292549D100B1637C /* ArticleTableViewCell.swift in Sources */ = {isa = PBXBuildFile; fileRef = B05C5FA2292549D100B1637C /* ArticleTableViewCell.swift */; };
		B05C5FA5292549D100B1637C /* ArticleTableViewCell.xib in Resources */ = {isa = PBXBuildFile; fileRef = B05C5FA3292549D100B1637C /* ArticleTableViewCell.xib */; };
		B05C5FA829254ADF00B1637C /* MostEmailedViewController.swift in Sources */ = {isa = PBXBuildFile; fileRef = B05C5FA729254ADF00B1637C /* MostEmailedViewController.swift */; };
		B05C5FAD29256AEF00B1637C /* NewsViewModel.swift in Sources */ = {isa = PBXBuildFile; fileRef = B05C5FAC29256AEF00B1637C /* NewsViewModel.swift */; };
		B05C5FB029257F7F00B1637C /* MostSharedViewController.swift in Sources */ = {isa = PBXBuildFile; fileRef = B05C5FAF29257F7F00B1637C /* MostSharedViewController.swift */; };
		B05C5FB229257FBD00B1637C /* MostViewedViewController.swift in Sources */ = {isa = PBXBuildFile; fileRef = B05C5FB129257FBD00B1637C /* MostViewedViewController.swift */; };
		B05C5FB4292585EC00B1637C /* UIViewController+Extension.swift in Sources */ = {isa = PBXBuildFile; fileRef = B05C5FB3292585EC00B1637C /* UIViewController+Extension.swift */; };
		B07774F829265D1C0021126F /* FavouritesViewController.swift in Sources */ = {isa = PBXBuildFile; fileRef = B07774F729265D1C0021126F /* FavouritesViewController.swift */; };
		B099B7592925237C003E54BF /* ArticlesRequestResult.swift in Sources */ = {isa = PBXBuildFile; fileRef = B099B7582925237C003E54BF /* ArticlesRequestResult.swift */; };
		B099B75C29252BC3003E54BF /* APIManager.swift in Sources */ = {isa = PBXBuildFile; fileRef = B099B75B29252BC3003E54BF /* APIManager.swift */; };
		B099B75E29252BF0003E54BF /* AlamofireAPIManager.swift in Sources */ = {isa = PBXBuildFile; fileRef = B099B75D29252BF0003E54BF /* AlamofireAPIManager.swift */; };
		B099B76129252DB1003E54BF /* NewsAPIService.swift in Sources */ = {isa = PBXBuildFile; fileRef = B099B76029252DB1003E54BF /* NewsAPIService.swift */; };
		B099B76329253111003E54BF /* Article.swift in Sources */ = {isa = PBXBuildFile; fileRef = B099B76229253111003E54BF /* Article.swift */; };
		B099B76529253984003E54BF /* Constants.swift in Sources */ = {isa = PBXBuildFile; fileRef = B099B76429253984003E54BF /* Constants.swift */; };
		B0A345112926344A00CF2994 /* ArticleViewController.swift in Sources */ = {isa = PBXBuildFile; fileRef = B0A345102926344A00CF2994 /* ArticleViewController.swift */; };
		B0A3451A292652FB00CF2994 /* ArticleEntity+CoreDataClass.swift in Sources */ = {isa = PBXBuildFile; fileRef = B0A34518292652FB00CF2994 /* ArticleEntity+CoreDataClass.swift */; };
		B0A3451B292652FB00CF2994 /* ArticleEntity+CoreDataProperties.swift in Sources */ = {isa = PBXBuildFile; fileRef = B0A34519292652FB00CF2994 /* ArticleEntity+CoreDataProperties.swift */; };
		B0D5250C2925148700EE71D4 /* AppDelegate.swift in Sources */ = {isa = PBXBuildFile; fileRef = B0D5250B2925148700EE71D4 /* AppDelegate.swift */; };
		B0D5250E2925148700EE71D4 /* SceneDelegate.swift in Sources */ = {isa = PBXBuildFile; fileRef = B0D5250D2925148700EE71D4 /* SceneDelegate.swift */; };
		B0D525132925148700EE71D4 /* Main.storyboard in Resources */ = {isa = PBXBuildFile; fileRef = B0D525112925148700EE71D4 /* Main.storyboard */; };
		B0D525162925148700EE71D4 /* NYTimesApp.xcdatamodeld in Sources */ = {isa = PBXBuildFile; fileRef = B0D525142925148700EE71D4 /* NYTimesApp.xcdatamodeld */; };
		B0D525182925148900EE71D4 /* Assets.xcassets in Resources */ = {isa = PBXBuildFile; fileRef = B0D525172925148900EE71D4 /* Assets.xcassets */; };
		B0D5251B2925148900EE71D4 /* LaunchScreen.storyboard in Resources */ = {isa = PBXBuildFile; fileRef = B0D525192925148900EE71D4 /* LaunchScreen.storyboard */; };
		CB84708DAAF735F820AC1D85 /* Pods_NYTimesApp.framework in Frameworks */ = {isa = PBXBuildFile; fileRef = 81212197FCA268F7427FAC52 /* Pods_NYTimesApp.framework */; };
/* End PBXBuildFile section */

/* Begin PBXFileReference section */
		0F00A207207A2CE7CB728B7E /* Pods-NYTimesApp.release.xcconfig */ = {isa = PBXFileReference; includeInIndex = 1; lastKnownFileType = text.xcconfig; name = "Pods-NYTimesApp.release.xcconfig"; path = "Target Support Files/Pods-NYTimesApp/Pods-NYTimesApp.release.xcconfig"; sourceTree = "<group>"; };
		5260AB53A9F0FB895FCF4E79 /* Pods-NYTimesApp.debug.xcconfig */ = {isa = PBXFileReference; includeInIndex = 1; lastKnownFileType = text.xcconfig; name = "Pods-NYTimesApp.debug.xcconfig"; path = "Target Support Files/Pods-NYTimesApp/Pods-NYTimesApp.debug.xcconfig"; sourceTree = "<group>"; };
		81212197FCA268F7427FAC52 /* Pods_NYTimesApp.framework */ = {isa = PBXFileReference; explicitFileType = wrapper.framework; includeInIndex = 0; path = Pods_NYTimesApp.framework; sourceTree = BUILT_PRODUCTS_DIR; };
		B05C5FA2292549D100B1637C /* ArticleTableViewCell.swift */ = {isa = PBXFileReference; lastKnownFileType = sourcecode.swift; path = ArticleTableViewCell.swift; sourceTree = "<group>"; };
		B05C5FA3292549D100B1637C /* ArticleTableViewCell.xib */ = {isa = PBXFileReference; lastKnownFileType = file.xib; path = ArticleTableViewCell.xib; sourceTree = "<group>"; };
		B05C5FA729254ADF00B1637C /* MostEmailedViewController.swift */ = {isa = PBXFileReference; lastKnownFileType = sourcecode.swift; path = MostEmailedViewController.swift; sourceTree = "<group>"; };
		B05C5FAC29256AEF00B1637C /* NewsViewModel.swift */ = {isa = PBXFileReference; lastKnownFileType = sourcecode.swift; path = NewsViewModel.swift; sourceTree = "<group>"; };
		B05C5FAF29257F7F00B1637C /* MostSharedViewController.swift */ = {isa = PBXFileReference; lastKnownFileType = sourcecode.swift; path = MostSharedViewController.swift; sourceTree = "<group>"; };
		B05C5FB129257FBD00B1637C /* MostViewedViewController.swift */ = {isa = PBXFileReference; lastKnownFileType = sourcecode.swift; path = MostViewedViewController.swift; sourceTree = "<group>"; };
		B05C5FB3292585EC00B1637C /* UIViewController+Extension.swift */ = {isa = PBXFileReference; lastKnownFileType = sourcecode.swift; path = "UIViewController+Extension.swift"; sourceTree = "<group>"; };
		B07774F729265D1C0021126F /* FavouritesViewController.swift */ = {isa = PBXFileReference; lastKnownFileType = sourcecode.swift; path = FavouritesViewController.swift; sourceTree = "<group>"; };
		B099B7582925237C003E54BF /* ArticlesRequestResult.swift */ = {isa = PBXFileReference; lastKnownFileType = sourcecode.swift; path = ArticlesRequestResult.swift; sourceTree = "<group>"; };
		B099B75B29252BC3003E54BF /* APIManager.swift */ = {isa = PBXFileReference; lastKnownFileType = sourcecode.swift; path = APIManager.swift; sourceTree = "<group>"; };
		B099B75D29252BF0003E54BF /* AlamofireAPIManager.swift */ = {isa = PBXFileReference; lastKnownFileType = sourcecode.swift; path = AlamofireAPIManager.swift; sourceTree = "<group>"; };
		B099B76029252DB1003E54BF /* NewsAPIService.swift */ = {isa = PBXFileReference; lastKnownFileType = sourcecode.swift; path = NewsAPIService.swift; sourceTree = "<group>"; };
		B099B76229253111003E54BF /* Article.swift */ = {isa = PBXFileReference; lastKnownFileType = sourcecode.swift; path = Article.swift; sourceTree = "<group>"; };
		B099B76429253984003E54BF /* Constants.swift */ = {isa = PBXFileReference; lastKnownFileType = sourcecode.swift; path = Constants.swift; sourceTree = "<group>"; };
		B0A345102926344A00CF2994 /* ArticleViewController.swift */ = {isa = PBXFileReference; lastKnownFileType = sourcecode.swift; path = ArticleViewController.swift; sourceTree = "<group>"; };
		B0A34518292652FB00CF2994 /* ArticleEntity+CoreDataClass.swift */ = {isa = PBXFileReference; lastKnownFileType = sourcecode.swift; path = "ArticleEntity+CoreDataClass.swift"; sourceTree = "<group>"; };
		B0A34519292652FB00CF2994 /* ArticleEntity+CoreDataProperties.swift */ = {isa = PBXFileReference; lastKnownFileType = sourcecode.swift; path = "ArticleEntity+CoreDataProperties.swift"; sourceTree = "<group>"; };
		B0D525082925148700EE71D4 /* NYTimesApp.app */ = {isa = PBXFileReference; explicitFileType = wrapper.application; includeInIndex = 0; path = NYTimesApp.app; sourceTree = BUILT_PRODUCTS_DIR; };
		B0D5250B2925148700EE71D4 /* AppDelegate.swift */ = {isa = PBXFileReference; lastKnownFileType = sourcecode.swift; path = AppDelegate.swift; sourceTree = "<group>"; };
		B0D5250D2925148700EE71D4 /* SceneDelegate.swift */ = {isa = PBXFileReference; lastKnownFileType = sourcecode.swift; path = SceneDelegate.swift; sourceTree = "<group>"; };
		B0D525122925148700EE71D4 /* Base */ = {isa = PBXFileReference; lastKnownFileType = file.storyboard; name = Base; path = Base.lproj/Main.storyboard; sourceTree = "<group>"; };
		B0D525152925148700EE71D4 /* NYTimesApp.xcdatamodel */ = {isa = PBXFileReference; lastKnownFileType = wrapper.xcdatamodel; path = NYTimesApp.xcdatamodel; sourceTree = "<group>"; };
		B0D525172925148900EE71D4 /* Assets.xcassets */ = {isa = PBXFileReference; lastKnownFileType = folder.assetcatalog; path = Assets.xcassets; sourceTree = "<group>"; };
		B0D5251A2925148900EE71D4 /* Base */ = {isa = PBXFileReference; lastKnownFileType = file.storyboard; name = Base; path = Base.lproj/LaunchScreen.storyboard; sourceTree = "<group>"; };
		B0D5251C2925148900EE71D4 /* Info.plist */ = {isa = PBXFileReference; lastKnownFileType = text.plist.xml; path = Info.plist; sourceTree = "<group>"; };
/* End PBXFileReference section */

/* Begin PBXFrameworksBuildPhase section */
		B0D525052925148700EE71D4 /* Frameworks */ = {
			isa = PBXFrameworksBuildPhase;
			buildActionMask = 2147483647;
			files = (
				CB84708DAAF735F820AC1D85 /* Pods_NYTimesApp.framework in Frameworks */,
			);
			runOnlyForDeploymentPostprocessing = 0;
		};
/* End PBXFrameworksBuildPhase section */

/* Begin PBXGroup section */
		049D497750EF026D02ADB9B1 /* Pods */ = {
			isa = PBXGroup;
			children = (
				5260AB53A9F0FB895FCF4E79 /* Pods-NYTimesApp.debug.xcconfig */,
				0F00A207207A2CE7CB728B7E /* Pods-NYTimesApp.release.xcconfig */,
			);
			path = Pods;
			sourceTree = "<group>";
		};
		3213B3CD4114A3D8B2E7E7E9 /* Frameworks */ = {
			isa = PBXGroup;
			children = (
				81212197FCA268F7427FAC52 /* Pods_NYTimesApp.framework */,
			);
			name = Frameworks;
			sourceTree = "<group>";
		};
		B05C5FA6292549D900B1637C /* ArticleTableViewCell */ = {
			isa = PBXGroup;
			children = (
				B05C5FA2292549D100B1637C /* ArticleTableViewCell.swift */,
				B05C5FA3292549D100B1637C /* ArticleTableViewCell.xib */,
			);
			path = ArticleTableViewCell;
			sourceTree = "<group>";
		};
		B05C5FAB29256AAF00B1637C /* ViewModels */ = {
			isa = PBXGroup;
			children = (
				B05C5FAC29256AEF00B1637C /* NewsViewModel.swift */,
			);
			path = ViewModels;
			sourceTree = "<group>";
		};
		B05C5FAE29257F4A00B1637C /* Controllers */ = {
			isa = PBXGroup;
			children = (
				B05C5FA729254ADF00B1637C /* MostEmailedViewController.swift */,
				B05C5FAF29257F7F00B1637C /* MostSharedViewController.swift */,
				B05C5FB129257FBD00B1637C /* MostViewedViewController.swift */,
				B07774F729265D1C0021126F /* FavouritesViewController.swift */,
				B0A345102926344A00CF2994 /* ArticleViewController.swift */,
			);
			path = Controllers;
			sourceTree = "<group>";
		};
		B07774F9292687E10021126F /* SupportindFiles */ = {
			isa = PBXGroup;
			children = (
				B05C5FB3292585EC00B1637C /* UIViewController+Extension.swift */,
				B099B76429253984003E54BF /* Constants.swift */,
			);
			path = SupportindFiles;
			sourceTree = "<group>";
		};
		B099B75A29252383003E54BF /* Models */ = {
			isa = PBXGroup;
			children = (
				B0A3451C2926530B00CF2994 /* Entities */,
				B099B75F29252CC4003E54BF /* API manager */,
				B099B7582925237C003E54BF /* ArticlesRequestResult.swift */,
				B099B76029252DB1003E54BF /* NewsAPIService.swift */,
				B099B76229253111003E54BF /* Article.swift */,
			);
			path = Models;
			sourceTree = "<group>";
		};
		B099B75F29252CC4003E54BF /* API manager */ = {
			isa = PBXGroup;
			children = (
				B099B75B29252BC3003E54BF /* APIManager.swift */,
				B099B75D29252BF0003E54BF /* AlamofireAPIManager.swift */,
			);
			path = "API manager";
			sourceTree = "<group>";
		};
		B0A3451C2926530B00CF2994 /* Entities */ = {
			isa = PBXGroup;
			children = (
				B0A34518292652FB00CF2994 /* ArticleEntity+CoreDataClass.swift */,
				B0A34519292652FB00CF2994 /* ArticleEntity+CoreDataProperties.swift */,
			);
			path = Entities;
			sourceTree = "<group>";
		};
		B0D524FF2925148700EE71D4 = {
			isa = PBXGroup;
			children = (
				B0D5250A2925148700EE71D4 /* NYTimesApp */,
				B0D525092925148700EE71D4 /* Products */,
				049D497750EF026D02ADB9B1 /* Pods */,
				3213B3CD4114A3D8B2E7E7E9 /* Frameworks */,
			);
			sourceTree = "<group>";
		};
		B0D525092925148700EE71D4 /* Products */ = {
			isa = PBXGroup;
			children = (
				B0D525082925148700EE71D4 /* NYTimesApp.app */,
			);
			name = Products;
			sourceTree = "<group>";
		};
		B0D5250A2925148700EE71D4 /* NYTimesApp */ = {
			isa = PBXGroup;
			children = (
				B07774F9292687E10021126F /* SupportindFiles */,
				B0D5250B2925148700EE71D4 /* AppDelegate.swift */,
				B0D5250D2925148700EE71D4 /* SceneDelegate.swift */,
				B099B75A29252383003E54BF /* Models */,
				B0D525222925158200EE71D4 /* Views */,
				B05C5FAB29256AAF00B1637C /* ViewModels */,
				B0D525172925148900EE71D4 /* Assets.xcassets */,
				B0D5251C2925148900EE71D4 /* Info.plist */,
				B0D525142925148700EE71D4 /* NYTimesApp.xcdatamodeld */,
			);
			path = NYTimesApp;
			sourceTree = "<group>";
		};
		B0D525222925158200EE71D4 /* Views */ = {
			isa = PBXGroup;
			children = (
				B0D525112925148700EE71D4 /* Main.storyboard */,
				B0D525192925148900EE71D4 /* LaunchScreen.storyboard */,
				B05C5FAE29257F4A00B1637C /* Controllers */,
				B05C5FA6292549D900B1637C /* ArticleTableViewCell */,
			);
			path = Views;
			sourceTree = "<group>";
		};
/* End PBXGroup section */

/* Begin PBXNativeTarget section */
		B0D525072925148700EE71D4 /* NYTimesApp */ = {
			isa = PBXNativeTarget;
			buildConfigurationList = B0D5251F2925148900EE71D4 /* Build configuration list for PBXNativeTarget "NYTimesApp" */;
			buildPhases = (
				26EB1FD2D23EF05871BF0802 /* [CP] Check Pods Manifest.lock */,
				B0D525042925148700EE71D4 /* Sources */,
				B0D525052925148700EE71D4 /* Frameworks */,
				B0D525062925148700EE71D4 /* Resources */,
				EFA51893394CC817193B4CF4 /* [CP] Embed Pods Frameworks */,
			);
			buildRules = (
			);
			dependencies = (
			);
			name = NYTimesApp;
			productName = NYTimesApp;
			productReference = B0D525082925148700EE71D4 /* NYTimesApp.app */;
			productType = "com.apple.product-type.application";
		};
/* End PBXNativeTarget section */

/* Begin PBXProject section */
		B0D525002925148700EE71D4 /* Project object */ = {
			isa = PBXProject;
			attributes = {
				BuildIndependentTargetsInParallel = 1;
				LastSwiftUpdateCheck = 1410;
				LastUpgradeCheck = 1410;
				TargetAttributes = {
					B0D525072925148700EE71D4 = {
						CreatedOnToolsVersion = 14.1;
					};
				};
			};
			buildConfigurationList = B0D525032925148700EE71D4 /* Build configuration list for PBXProject "NYTimesApp" */;
			compatibilityVersion = "Xcode 14.0";
			developmentRegion = en;
			hasScannedForEncodings = 0;
			knownRegions = (
				en,
				Base,
			);
			mainGroup = B0D524FF2925148700EE71D4;
			productRefGroup = B0D525092925148700EE71D4 /* Products */;
			projectDirPath = "";
			projectRoot = "";
			targets = (
				B0D525072925148700EE71D4 /* NYTimesApp */,
			);
		};
/* End PBXProject section */

/* Begin PBXResourcesBuildPhase section */
		B0D525062925148700EE71D4 /* Resources */ = {
			isa = PBXResourcesBuildPhase;
			buildActionMask = 2147483647;
			files = (
				B05C5FA5292549D100B1637C /* ArticleTableViewCell.xib in Resources */,
				B0D5251B2925148900EE71D4 /* LaunchScreen.storyboard in Resources */,
				B0D525182925148900EE71D4 /* Assets.xcassets in Resources */,
				B0D525132925148700EE71D4 /* Main.storyboard in Resources */,
			);
			runOnlyForDeploymentPostprocessing = 0;
		};
/* End PBXResourcesBuildPhase section */

/* Begin PBXShellScriptBuildPhase section */
		26EB1FD2D23EF05871BF0802 /* [CP] Check Pods Manifest.lock */ = {
			isa = PBXShellScriptBuildPhase;
			buildActionMask = 2147483647;
			files = (
			);
			inputFileListPaths = (
			);
			inputPaths = (
				"${PODS_PODFILE_DIR_PATH}/Podfile.lock",
				"${PODS_ROOT}/Manifest.lock",
			);
			name = "[CP] Check Pods Manifest.lock";
			outputFileListPaths = (
			);
			outputPaths = (
				"$(DERIVED_FILE_DIR)/Pods-NYTimesApp-checkManifestLockResult.txt",
			);
			runOnlyForDeploymentPostprocessing = 0;
			shellPath = /bin/sh;
			shellScript = "diff \"${PODS_PODFILE_DIR_PATH}/Podfile.lock\" \"${PODS_ROOT}/Manifest.lock\" > /dev/null\nif [ $? != 0 ] ; then\n    # print error to STDERR\n    echo \"error: The sandbox is not in sync with the Podfile.lock. Run 'pod install' or update your CocoaPods installation.\" >&2\n    exit 1\nfi\n# This output is used by Xcode 'outputs' to avoid re-running this script phase.\necho \"SUCCESS\" > \"${SCRIPT_OUTPUT_FILE_0}\"\n";
			showEnvVarsInLog = 0;
		};
		EFA51893394CC817193B4CF4 /* [CP] Embed Pods Frameworks */ = {
			isa = PBXShellScriptBuildPhase;
			buildActionMask = 2147483647;
			files = (
			);
			inputFileListPaths = (
				"${PODS_ROOT}/Target Support Files/Pods-NYTimesApp/Pods-NYTimesApp-frameworks-${CONFIGURATION}-input-files.xcfilelist",
			);
			name = "[CP] Embed Pods Frameworks";
			outputFileListPaths = (
				"${PODS_ROOT}/Target Support Files/Pods-NYTimesApp/Pods-NYTimesApp-frameworks-${CONFIGURATION}-output-files.xcfilelist",
			);
			runOnlyForDeploymentPostprocessing = 0;
			shellPath = /bin/sh;
			shellScript = "\"${PODS_ROOT}/Target Support Files/Pods-NYTimesApp/Pods-NYTimesApp-frameworks.sh\"\n";
			showEnvVarsInLog = 0;
		};
/* End PBXShellScriptBuildPhase section */

/* Begin PBXSourcesBuildPhase section */
		B0D525042925148700EE71D4 /* Sources */ = {
			isa = PBXSourcesBuildPhase;
			buildActionMask = 2147483647;
			files = (
				B0A3451A292652FB00CF2994 /* ArticleEntity+CoreDataClass.swift in Sources */,
				B05C5FA829254ADF00B1637C /* MostEmailedViewController.swift in Sources */,
				B05C5FA4292549D100B1637C /* ArticleTableViewCell.swift in Sources */,
				B099B75C29252BC3003E54BF /* APIManager.swift in Sources */,
				B05C5FB4292585EC00B1637C /* UIViewController+Extension.swift in Sources */,
				B07774F829265D1C0021126F /* FavouritesViewController.swift in Sources */,
				B099B7592925237C003E54BF /* ArticlesRequestResult.swift in Sources */,
				B099B76329253111003E54BF /* Article.swift in Sources */,
				B0A3451B292652FB00CF2994 /* ArticleEntity+CoreDataProperties.swift in Sources */,
				B099B75E29252BF0003E54BF /* AlamofireAPIManager.swift in Sources */,
				B099B76529253984003E54BF /* Constants.swift in Sources */,
				B05C5FAD29256AEF00B1637C /* NewsViewModel.swift in Sources */,
				B0A345112926344A00CF2994 /* ArticleViewController.swift in Sources */,
				B0D525162925148700EE71D4 /* NYTimesApp.xcdatamodeld in Sources */,
				B05C5FB229257FBD00B1637C /* MostViewedViewController.swift in Sources */,
				B0D5250C2925148700EE71D4 /* AppDelegate.swift in Sources */,
				B05C5FB029257F7F00B1637C /* MostSharedViewController.swift in Sources */,
				B0D5250E2925148700EE71D4 /* SceneDelegate.swift in Sources */,
				B099B76129252DB1003E54BF /* NewsAPIService.swift in Sources */,
			);
			runOnlyForDeploymentPostprocessing = 0;
		};
/* End PBXSourcesBuildPhase section */

/* Begin PBXVariantGroup section */
		B0D525112925148700EE71D4 /* Main.storyboard */ = {
			isa = PBXVariantGroup;
			children = (
				B0D525122925148700EE71D4 /* Base */,
			);
			name = Main.storyboard;
			sourceTree = "<group>";
		};
		B0D525192925148900EE71D4 /* LaunchScreen.storyboard */ = {
			isa = PBXVariantGroup;
			children = (
				B0D5251A2925148900EE71D4 /* Base */,
			);
			name = LaunchScreen.storyboard;
			sourceTree = "<group>";
		};
/* End PBXVariantGroup section */

/* Begin XCBuildConfiguration section */
		B0D5251D2925148900EE71D4 /* Debug */ = {
			isa = XCBuildConfiguration;
			buildSettings = {
				ALWAYS_SEARCH_USER_PATHS = NO;
				CLANG_ANALYZER_NONNULL = YES;
				CLANG_ANALYZER_NUMBER_OBJECT_CONVERSION = YES_AGGRESSIVE;
				CLANG_CXX_LANGUAGE_STANDARD = "gnu++20";
				CLANG_ENABLE_MODULES = YES;
				CLANG_ENABLE_OBJC_ARC = YES;
				CLANG_ENABLE_OBJC_WEAK = YES;
				CLANG_WARN_BLOCK_CAPTURE_AUTORELEASING = YES;
				CLANG_WARN_BOOL_CONVERSION = YES;
				CLANG_WARN_COMMA = YES;
				CLANG_WARN_CONSTANT_CONVERSION = YES;
				CLANG_WARN_DEPRECATED_OBJC_IMPLEMENTATIONS = YES;
				CLANG_WARN_DIRECT_OBJC_ISA_USAGE = YES_ERROR;
				CLANG_WARN_DOCUMENTATION_COMMENTS = YES;
				CLANG_WARN_EMPTY_BODY = YES;
				CLANG_WARN_ENUM_CONVERSION = YES;
				CLANG_WARN_INFINITE_RECURSION = YES;
				CLANG_WARN_INT_CONVERSION = YES;
				CLANG_WARN_NON_LITERAL_NULL_CONVERSION = YES;
				CLANG_WARN_OBJC_IMPLICIT_RETAIN_SELF = YES;
				CLANG_WARN_OBJC_LITERAL_CONVERSION = YES;
				CLANG_WARN_OBJC_ROOT_CLASS = YES_ERROR;
				CLANG_WARN_QUOTED_INCLUDE_IN_FRAMEWORK_HEADER = YES;
				CLANG_WARN_RANGE_LOOP_ANALYSIS = YES;
				CLANG_WARN_STRICT_PROTOTYPES = YES;
				CLANG_WARN_SUSPICIOUS_MOVE = YES;
				CLANG_WARN_UNGUARDED_AVAILABILITY = YES_AGGRESSIVE;
				CLANG_WARN_UNREACHABLE_CODE = YES;
				CLANG_WARN__DUPLICATE_METHOD_MATCH = YES;
				COPY_PHASE_STRIP = NO;
				DEBUG_INFORMATION_FORMAT = dwarf;
				ENABLE_STRICT_OBJC_MSGSEND = YES;
				ENABLE_TESTABILITY = YES;
				GCC_C_LANGUAGE_STANDARD = gnu11;
				GCC_DYNAMIC_NO_PIC = NO;
				GCC_NO_COMMON_BLOCKS = YES;
				GCC_OPTIMIZATION_LEVEL = 0;
				GCC_PREPROCESSOR_DEFINITIONS = (
					"DEBUG=1",
					"$(inherited)",
				);
				GCC_WARN_64_TO_32_BIT_CONVERSION = YES;
				GCC_WARN_ABOUT_RETURN_TYPE = YES_ERROR;
				GCC_WARN_UNDECLARED_SELECTOR = YES;
				GCC_WARN_UNINITIALIZED_AUTOS = YES_AGGRESSIVE;
				GCC_WARN_UNUSED_FUNCTION = YES;
				GCC_WARN_UNUSED_VARIABLE = YES;
				IPHONEOS_DEPLOYMENT_TARGET = 14.0;
				MTL_ENABLE_DEBUG_INFO = INCLUDE_SOURCE;
				MTL_FAST_MATH = YES;
				ONLY_ACTIVE_ARCH = YES;
				SDKROOT = iphoneos;
				SWIFT_ACTIVE_COMPILATION_CONDITIONS = DEBUG;
				SWIFT_OPTIMIZATION_LEVEL = "-Onone";
			};
			name = Debug;
		};
		B0D5251E2925148900EE71D4 /* Release */ = {
			isa = XCBuildConfiguration;
			buildSettings = {
				ALWAYS_SEARCH_USER_PATHS = NO;
				CLANG_ANALYZER_NONNULL = YES;
				CLANG_ANALYZER_NUMBER_OBJECT_CONVERSION = YES_AGGRESSIVE;
				CLANG_CXX_LANGUAGE_STANDARD = "gnu++20";
				CLANG_ENABLE_MODULES = YES;
				CLANG_ENABLE_OBJC_ARC = YES;
				CLANG_ENABLE_OBJC_WEAK = YES;
				CLANG_WARN_BLOCK_CAPTURE_AUTORELEASING = YES;
				CLANG_WARN_BOOL_CONVERSION = YES;
				CLANG_WARN_COMMA = YES;
				CLANG_WARN_CONSTANT_CONVERSION = YES;
				CLANG_WARN_DEPRECATED_OBJC_IMPLEMENTATIONS = YES;
				CLANG_WARN_DIRECT_OBJC_ISA_USAGE = YES_ERROR;
				CLANG_WARN_DOCUMENTATION_COMMENTS = YES;
				CLANG_WARN_EMPTY_BODY = YES;
				CLANG_WARN_ENUM_CONVERSION = YES;
				CLANG_WARN_INFINITE_RECURSION = YES;
				CLANG_WARN_INT_CONVERSION = YES;
				CLANG_WARN_NON_LITERAL_NULL_CONVERSION = YES;
				CLANG_WARN_OBJC_IMPLICIT_RETAIN_SELF = YES;
				CLANG_WARN_OBJC_LITERAL_CONVERSION = YES;
				CLANG_WARN_OBJC_ROOT_CLASS = YES_ERROR;
				CLANG_WARN_QUOTED_INCLUDE_IN_FRAMEWORK_HEADER = YES;
				CLANG_WARN_RANGE_LOOP_ANALYSIS = YES;
				CLANG_WARN_STRICT_PROTOTYPES = YES;
				CLANG_WARN_SUSPICIOUS_MOVE = YES;
				CLANG_WARN_UNGUARDED_AVAILABILITY = YES_AGGRESSIVE;
				CLANG_WARN_UNREACHABLE_CODE = YES;
				CLANG_WARN__DUPLICATE_METHOD_MATCH = YES;
				COPY_PHASE_STRIP = NO;
				DEBUG_INFORMATION_FORMAT = "dwarf-with-dsym";
				ENABLE_NS_ASSERTIONS = NO;
				ENABLE_STRICT_OBJC_MSGSEND = YES;
				GCC_C_LANGUAGE_STANDARD = gnu11;
				GCC_NO_COMMON_BLOCKS = YES;
				GCC_WARN_64_TO_32_BIT_CONVERSION = YES;
				GCC_WARN_ABOUT_RETURN_TYPE = YES_ERROR;
				GCC_WARN_UNDECLARED_SELECTOR = YES;
				GCC_WARN_UNINITIALIZED_AUTOS = YES_AGGRESSIVE;
				GCC_WARN_UNUSED_FUNCTION = YES;
				GCC_WARN_UNUSED_VARIABLE = YES;
				IPHONEOS_DEPLOYMENT_TARGET = 14.0;
				MTL_ENABLE_DEBUG_INFO = NO;
				MTL_FAST_MATH = YES;
				SDKROOT = iphoneos;
				SWIFT_COMPILATION_MODE = wholemodule;
				SWIFT_OPTIMIZATION_LEVEL = "-O";
				VALIDATE_PRODUCT = YES;
			};
			name = Release;
		};
		B0D525202925148900EE71D4 /* Debug */ = {
			isa = XCBuildConfiguration;
			baseConfigurationReference = 5260AB53A9F0FB895FCF4E79 /* Pods-NYTimesApp.debug.xcconfig */;
			buildSettings = {
				ASSETCATALOG_COMPILER_APPICON_NAME = AppIcon;
				ASSETCATALOG_COMPILER_GLOBAL_ACCENT_COLOR_NAME = AccentColor;
				CODE_SIGN_STYLE = Automatic;
				CURRENT_PROJECT_VERSION = 1;
				DEVELOPMENT_TEAM = HU4P8J2639;
				GENERATE_INFOPLIST_FILE = YES;
				INFOPLIST_FILE = NYTimesApp/Info.plist;
				INFOPLIST_KEY_UIApplicationSupportsIndirectInputEvents = YES;
				INFOPLIST_KEY_UILaunchStoryboardName = LaunchScreen;
				INFOPLIST_KEY_UIMainStoryboardFile = Main;
				INFOPLIST_KEY_UISupportedInterfaceOrientations = UIInterfaceOrientationPortrait;
				INFOPLIST_KEY_UISupportedInterfaceOrientations_iPad = "UIInterfaceOrientationLandscapeLeft UIInterfaceOrientationLandscapeRight UIInterfaceOrientationPortrait UIInterfaceOrientationPortraitUpsideDown";
				LD_RUNPATH_SEARCH_PATHS = (
					"$(inherited)",
					"@executable_path/Frameworks",
				);
				MARKETING_VERSION = 1.0;
				PRODUCT_BUNDLE_IDENTIFIER = com.mefisto.NYTimesApp;
				PRODUCT_NAME = "$(TARGET_NAME)";
				SUPPORTED_PLATFORMS = "iphoneos iphonesimulator";
				SUPPORTS_MACCATALYST = NO;
				SUPPORTS_MAC_DESIGNED_FOR_IPHONE_IPAD = NO;
				SWIFT_EMIT_LOC_STRINGS = YES;
				SWIFT_VERSION = 5.0;
				TARGETED_DEVICE_FAMILY = 1;
			};
			name = Debug;
		};
		B0D525212925148900EE71D4 /* Release */ = {
			isa = XCBuildConfiguration;
			baseConfigurationReference = 0F00A207207A2CE7CB728B7E /* Pods-NYTimesApp.release.xcconfig */;
			buildSettings = {
				ASSETCATALOG_COMPILER_APPICON_NAME = AppIcon;
				ASSETCATALOG_COMPILER_GLOBAL_ACCENT_COLOR_NAME = AccentColor;
				CODE_SIGN_STYLE = Automatic;
				CURRENT_PROJECT_VERSION = 1;
				DEVELOPMENT_TEAM = HU4P8J2639;
				GENERATE_INFOPLIST_FILE = YES;
				INFOPLIST_FILE = NYTimesApp/Info.plist;
				INFOPLIST_KEY_UIApplicationSupportsIndirectInputEvents = YES;
				INFOPLIST_KEY_UILaunchStoryboardName = LaunchScreen;
				INFOPLIST_KEY_UIMainStoryboardFile = Main;
				INFOPLIST_KEY_UISupportedInterfaceOrientations = UIInterfaceOrientationPortrait;
				INFOPLIST_KEY_UISupportedInterfaceOrientations_iPad = "UIInterfaceOrientationLandscapeLeft UIInterfaceOrientationLandscapeRight UIInterfaceOrientationPortrait UIInterfaceOrientationPortraitUpsideDown";
				LD_RUNPATH_SEARCH_PATHS = (
					"$(inherited)",
					"@executable_path/Frameworks",
				);
				MARKETING_VERSION = 1.0;
				PRODUCT_BUNDLE_IDENTIFIER = com.mefisto.NYTimesApp;
				PRODUCT_NAME = "$(TARGET_NAME)";
				SUPPORTED_PLATFORMS = "iphoneos iphonesimulator";
				SUPPORTS_MACCATALYST = NO;
				SUPPORTS_MAC_DESIGNED_FOR_IPHONE_IPAD = NO;
				SWIFT_EMIT_LOC_STRINGS = YES;
				SWIFT_VERSION = 5.0;
				TARGETED_DEVICE_FAMILY = 1;
			};
			name = Release;
		};
/* End XCBuildConfiguration section */

/* Begin XCConfigurationList section */
		B0D525032925148700EE71D4 /* Build configuration list for PBXProject "NYTimesApp" */ = {
			isa = XCConfigurationList;
			buildConfigurations = (
				B0D5251D2925148900EE71D4 /* Debug */,
				B0D5251E2925148900EE71D4 /* Release */,
			);
			defaultConfigurationIsVisible = 0;
			defaultConfigurationName = Release;
		};
		B0D5251F2925148900EE71D4 /* Build configuration list for PBXNativeTarget "NYTimesApp" */ = {
			isa = XCConfigurationList;
			buildConfigurations = (
				B0D525202925148900EE71D4 /* Debug */,
				B0D525212925148900EE71D4 /* Release */,
			);
			defaultConfigurationIsVisible = 0;
			defaultConfigurationName = Release;
		};
/* End XCConfigurationList section */

/* Begin XCVersionGroup section */
		B0D525142925148700EE71D4 /* NYTimesApp.xcdatamodeld */ = {
			isa = XCVersionGroup;
			children = (
				B0D525152925148700EE71D4 /* NYTimesApp.xcdatamodel */,
			);
			currentVersion = B0D525152925148700EE71D4 /* NYTimesApp.xcdatamodel */;
			path = NYTimesApp.xcdatamodeld;
			sourceTree = "<group>";
			versionGroupType = wrapper.xcdatamodel;
		};
/* End XCVersionGroup section */
	};
	rootObject = B0D525002925148700EE71D4 /* Project object */;
}
